// !$*UTF8*$!
{
	archiveVersion = 1;
	classes = {
	};
	objectVersion = 50;
	objects = {

/* Begin PBXBuildFile section */
		3D84412B24C8A3E800816A0C /* ActivityProgressView.swift in Sources */ = {isa = PBXBuildFile; fileRef = 3D84412A24C8A3E800816A0C /* ActivityProgressView.swift */; };
		3D84412C24C8A3E800816A0C /* ActivityProgressView.swift in Sources */ = {isa = PBXBuildFile; fileRef = 3D84412A24C8A3E800816A0C /* ActivityProgressView.swift */; };
		3DA1E25724CC90E5001CD91A /* BarView.swift in Sources */ = {isa = PBXBuildFile; fileRef = 3DA1E25624CC90E5001CD91A /* BarView.swift */; };
		3DA1E25824CC90E5001CD91A /* BarView.swift in Sources */ = {isa = PBXBuildFile; fileRef = 3DA1E25624CC90E5001CD91A /* BarView.swift */; };
		3DEBA2AB24BF75B2009FA785 /* Tests_iOS.swift in Sources */ = {isa = PBXBuildFile; fileRef = 3DEBA2AA24BF75B2009FA785 /* Tests_iOS.swift */; };
		3DEBA2B624BF75B2009FA785 /* Tests_macOS.swift in Sources */ = {isa = PBXBuildFile; fileRef = 3DEBA2B524BF75B2009FA785 /* Tests_macOS.swift */; };
		3DEBA2B824BF75B2009FA785 /* ActivityCountdownApp.swift in Sources */ = {isa = PBXBuildFile; fileRef = 3DEBA28F24BF75B1009FA785 /* ActivityCountdownApp.swift */; };
		3DEBA2B924BF75B2009FA785 /* ActivityCountdownApp.swift in Sources */ = {isa = PBXBuildFile; fileRef = 3DEBA28F24BF75B1009FA785 /* ActivityCountdownApp.swift */; };
		3DEBA2BA24BF75B2009FA785 /* ContentView.swift in Sources */ = {isa = PBXBuildFile; fileRef = 3DEBA29024BF75B1009FA785 /* ContentView.swift */; };
		3DEBA2BB24BF75B2009FA785 /* ContentView.swift in Sources */ = {isa = PBXBuildFile; fileRef = 3DEBA29024BF75B1009FA785 /* ContentView.swift */; };
		3DEBA2BC24BF75B2009FA785 /* Assets.xcassets in Resources */ = {isa = PBXBuildFile; fileRef = 3DEBA29124BF75B2009FA785 /* Assets.xcassets */; };
		3DEBA2BD24BF75B2009FA785 /* Assets.xcassets in Resources */ = {isa = PBXBuildFile; fileRef = 3DEBA29124BF75B2009FA785 /* Assets.xcassets */; };
		3DEBA2CD24BF7B2E009FA785 /* HealthStoreManager.swift in Sources */ = {isa = PBXBuildFile; fileRef = 3DEBA2CC24BF7B2E009FA785 /* HealthStoreManager.swift */; };
		3DEBA2CE24BF7B2E009FA785 /* HealthStoreManager.swift in Sources */ = {isa = PBXBuildFile; fileRef = 3DEBA2CC24BF7B2E009FA785 /* HealthStoreManager.swift */; };
		3DEBA2D224BF7CB9009FA785 /* HealthKit.framework in Frameworks */ = {isa = PBXBuildFile; fileRef = 3DEBA2D124BF7CB9009FA785 /* HealthKit.framework */; };
		3DF2B73124C6074A00943AFF /* Color+Ext.swift in Sources */ = {isa = PBXBuildFile; fileRef = 3DF2B73024C6074A00943AFF /* Color+Ext.swift */; };
		3DF2B73224C6074A00943AFF /* Color+Ext.swift in Sources */ = {isa = PBXBuildFile; fileRef = 3DF2B73024C6074A00943AFF /* Color+Ext.swift */; };
		3DF2B73424C6076100943AFF /* Constants.swift in Sources */ = {isa = PBXBuildFile; fileRef = 3DF2B73324C6076100943AFF /* Constants.swift */; };
		3DF2B73524C6076100943AFF /* Constants.swift in Sources */ = {isa = PBXBuildFile; fileRef = 3DF2B73324C6076100943AFF /* Constants.swift */; };
/* End PBXBuildFile section */

/* Begin PBXContainerItemProxy section */
		3DEBA2A724BF75B2009FA785 /* PBXContainerItemProxy */ = {
			isa = PBXContainerItemProxy;
			containerPortal = 3DEBA28A24BF75B1009FA785 /* Project object */;
			proxyType = 1;
			remoteGlobalIDString = 3DEBA29524BF75B2009FA785;
			remoteInfo = "ActivityCountdown (iOS)";
		};
		3DEBA2B224BF75B2009FA785 /* PBXContainerItemProxy */ = {
			isa = PBXContainerItemProxy;
			containerPortal = 3DEBA28A24BF75B1009FA785 /* Project object */;
			proxyType = 1;
			remoteGlobalIDString = 3DEBA29D24BF75B2009FA785;
			remoteInfo = "ActivityCountdown (macOS)";
		};
/* End PBXContainerItemProxy section */

/* Begin PBXFileReference section */
		3D84412A24C8A3E800816A0C /* ActivityProgressView.swift */ = {isa = PBXFileReference; lastKnownFileType = sourcecode.swift; path = ActivityProgressView.swift; sourceTree = "<group>"; };
		3DA1E25624CC90E5001CD91A /* BarView.swift */ = {isa = PBXFileReference; lastKnownFileType = sourcecode.swift; path = BarView.swift; sourceTree = "<group>"; };
		3DEBA28F24BF75B1009FA785 /* ActivityCountdownApp.swift */ = {isa = PBXFileReference; lastKnownFileType = sourcecode.swift; path = ActivityCountdownApp.swift; sourceTree = "<group>"; };
		3DEBA29024BF75B1009FA785 /* ContentView.swift */ = {isa = PBXFileReference; lastKnownFileType = sourcecode.swift; path = ContentView.swift; sourceTree = "<group>"; };
		3DEBA29124BF75B2009FA785 /* Assets.xcassets */ = {isa = PBXFileReference; lastKnownFileType = folder.assetcatalog; path = Assets.xcassets; sourceTree = "<group>"; };
		3DEBA29624BF75B2009FA785 /* ActivityCountdown.app */ = {isa = PBXFileReference; explicitFileType = wrapper.application; includeInIndex = 0; path = ActivityCountdown.app; sourceTree = BUILT_PRODUCTS_DIR; };
		3DEBA29924BF75B2009FA785 /* Info.plist */ = {isa = PBXFileReference; lastKnownFileType = text.plist.xml; path = Info.plist; sourceTree = "<group>"; };
		3DEBA29E24BF75B2009FA785 /* ActivityCountdown.app */ = {isa = PBXFileReference; explicitFileType = wrapper.application; includeInIndex = 0; path = ActivityCountdown.app; sourceTree = BUILT_PRODUCTS_DIR; };
		3DEBA2A024BF75B2009FA785 /* Info.plist */ = {isa = PBXFileReference; lastKnownFileType = text.plist.xml; path = Info.plist; sourceTree = "<group>"; };
		3DEBA2A124BF75B2009FA785 /* macOS.entitlements */ = {isa = PBXFileReference; lastKnownFileType = text.plist.entitlements; path = macOS.entitlements; sourceTree = "<group>"; };
		3DEBA2A624BF75B2009FA785 /* Tests iOS.xctest */ = {isa = PBXFileReference; explicitFileType = wrapper.cfbundle; includeInIndex = 0; path = "Tests iOS.xctest"; sourceTree = BUILT_PRODUCTS_DIR; };
		3DEBA2AA24BF75B2009FA785 /* Tests_iOS.swift */ = {isa = PBXFileReference; lastKnownFileType = sourcecode.swift; path = Tests_iOS.swift; sourceTree = "<group>"; };
		3DEBA2AC24BF75B2009FA785 /* Info.plist */ = {isa = PBXFileReference; lastKnownFileType = text.plist.xml; path = Info.plist; sourceTree = "<group>"; };
		3DEBA2B124BF75B2009FA785 /* Tests macOS.xctest */ = {isa = PBXFileReference; explicitFileType = wrapper.cfbundle; includeInIndex = 0; path = "Tests macOS.xctest"; sourceTree = BUILT_PRODUCTS_DIR; };
		3DEBA2B524BF75B2009FA785 /* Tests_macOS.swift */ = {isa = PBXFileReference; lastKnownFileType = sourcecode.swift; path = Tests_macOS.swift; sourceTree = "<group>"; };
		3DEBA2B724BF75B2009FA785 /* Info.plist */ = {isa = PBXFileReference; lastKnownFileType = text.plist.xml; path = Info.plist; sourceTree = "<group>"; };
		3DEBA2CC24BF7B2E009FA785 /* HealthStoreManager.swift */ = {isa = PBXFileReference; lastKnownFileType = sourcecode.swift; path = HealthStoreManager.swift; sourceTree = "<group>"; };
		3DEBA2CF24BF7CB9009FA785 /* ActivityCountdown.entitlements */ = {isa = PBXFileReference; lastKnownFileType = text.plist.entitlements; path = ActivityCountdown.entitlements; sourceTree = "<group>"; };
		3DEBA2D124BF7CB9009FA785 /* HealthKit.framework */ = {isa = PBXFileReference; lastKnownFileType = wrapper.framework; name = HealthKit.framework; path = Platforms/iPhoneOS.platform/Developer/SDKs/iPhoneOS14.0.sdk/System/Library/Frameworks/HealthKit.framework; sourceTree = DEVELOPER_DIR; };
		3DF2B73024C6074A00943AFF /* Color+Ext.swift */ = {isa = PBXFileReference; lastKnownFileType = sourcecode.swift; path = "Color+Ext.swift"; sourceTree = "<group>"; };
		3DF2B73324C6076100943AFF /* Constants.swift */ = {isa = PBXFileReference; lastKnownFileType = sourcecode.swift; path = Constants.swift; sourceTree = "<group>"; };
/* End PBXFileReference section */

/* Begin PBXFrameworksBuildPhase section */
		3DEBA29324BF75B2009FA785 /* Frameworks */ = {
			isa = PBXFrameworksBuildPhase;
			buildActionMask = 2147483647;
			files = (
				3DEBA2D224BF7CB9009FA785 /* HealthKit.framework in Frameworks */,
			);
			runOnlyForDeploymentPostprocessing = 0;
		};
		3DEBA29B24BF75B2009FA785 /* Frameworks */ = {
			isa = PBXFrameworksBuildPhase;
			buildActionMask = 2147483647;
			files = (
			);
			runOnlyForDeploymentPostprocessing = 0;
		};
		3DEBA2A324BF75B2009FA785 /* Frameworks */ = {
			isa = PBXFrameworksBuildPhase;
			buildActionMask = 2147483647;
			files = (
			);
			runOnlyForDeploymentPostprocessing = 0;
		};
		3DEBA2AE24BF75B2009FA785 /* Frameworks */ = {
			isa = PBXFrameworksBuildPhase;
			buildActionMask = 2147483647;
			files = (
			);
			runOnlyForDeploymentPostprocessing = 0;
		};
/* End PBXFrameworksBuildPhase section */

/* Begin PBXGroup section */
		3DA1E25524CC90C5001CD91A /* ActivityProgressView */ = {
			isa = PBXGroup;
			children = (
				3D84412A24C8A3E800816A0C /* ActivityProgressView.swift */,
				3DA1E25624CC90E5001CD91A /* BarView.swift */,
			);
			path = ActivityProgressView;
			sourceTree = "<group>";
		};
		3DEBA28924BF75B1009FA785 = {
			isa = PBXGroup;
			children = (
				3DEBA2CF24BF7CB9009FA785 /* ActivityCountdown.entitlements */,
				3DEBA28E24BF75B1009FA785 /* Shared */,
				3DEBA29824BF75B2009FA785 /* iOS */,
				3DEBA29F24BF75B2009FA785 /* macOS */,
				3DEBA2A924BF75B2009FA785 /* Tests iOS */,
				3DEBA2B424BF75B2009FA785 /* Tests macOS */,
				3DEBA29724BF75B2009FA785 /* Products */,
				3DEBA2D024BF7CB9009FA785 /* Frameworks */,
			);
			sourceTree = "<group>";
		};
		3DEBA28E24BF75B1009FA785 /* Shared */ = {
			isa = PBXGroup;
			children = (
				3DEBA28F24BF75B1009FA785 /* ActivityCountdownApp.swift */,
				3DEBA29024BF75B1009FA785 /* ContentView.swift */,
				3DA1E25524CC90C5001CD91A /* ActivityProgressView */,
				3DEBA29124BF75B2009FA785 /* Assets.xcassets */,
				3DEBA2CC24BF7B2E009FA785 /* HealthStoreManager.swift */,
				3DF2B73024C6074A00943AFF /* Color+Ext.swift */,
				3DF2B73324C6076100943AFF /* Constants.swift */,
			);
			path = Shared;
			sourceTree = "<group>";
		};
		3DEBA29724BF75B2009FA785 /* Products */ = {
			isa = PBXGroup;
			children = (
				3DEBA29624BF75B2009FA785 /* ActivityCountdown.app */,
				3DEBA29E24BF75B2009FA785 /* ActivityCountdown.app */,
				3DEBA2A624BF75B2009FA785 /* Tests iOS.xctest */,
				3DEBA2B124BF75B2009FA785 /* Tests macOS.xctest */,
			);
			name = Products;
			sourceTree = "<group>";
		};
		3DEBA29824BF75B2009FA785 /* iOS */ = {
			isa = PBXGroup;
			children = (
				3DEBA29924BF75B2009FA785 /* Info.plist */,
			);
			path = iOS;
			sourceTree = "<group>";
		};
		3DEBA29F24BF75B2009FA785 /* macOS */ = {
			isa = PBXGroup;
			children = (
				3DEBA2A024BF75B2009FA785 /* Info.plist */,
				3DEBA2A124BF75B2009FA785 /* macOS.entitlements */,
			);
			path = macOS;
			sourceTree = "<group>";
		};
		3DEBA2A924BF75B2009FA785 /* Tests iOS */ = {
			isa = PBXGroup;
			children = (
				3DEBA2AA24BF75B2009FA785 /* Tests_iOS.swift */,
				3DEBA2AC24BF75B2009FA785 /* Info.plist */,
			);
			path = "Tests iOS";
			sourceTree = "<group>";
		};
		3DEBA2B424BF75B2009FA785 /* Tests macOS */ = {
			isa = PBXGroup;
			children = (
				3DEBA2B524BF75B2009FA785 /* Tests_macOS.swift */,
				3DEBA2B724BF75B2009FA785 /* Info.plist */,
			);
			path = "Tests macOS";
			sourceTree = "<group>";
		};
		3DEBA2D024BF7CB9009FA785 /* Frameworks */ = {
			isa = PBXGroup;
			children = (
				3DEBA2D124BF7CB9009FA785 /* HealthKit.framework */,
			);
			name = Frameworks;
			sourceTree = "<group>";
		};
/* End PBXGroup section */

/* Begin PBXNativeTarget section */
		3DEBA29524BF75B2009FA785 /* ActivityCountdown (iOS) */ = {
			isa = PBXNativeTarget;
			buildConfigurationList = 3DEBA2C024BF75B2009FA785 /* Build configuration list for PBXNativeTarget "ActivityCountdown (iOS)" */;
			buildPhases = (
				3DEBA29224BF75B2009FA785 /* Sources */,
				3DEBA29324BF75B2009FA785 /* Frameworks */,
				3DEBA29424BF75B2009FA785 /* Resources */,
			);
			buildRules = (
			);
			dependencies = (
			);
			name = "ActivityCountdown (iOS)";
			productName = "ActivityCountdown (iOS)";
			productReference = 3DEBA29624BF75B2009FA785 /* ActivityCountdown.app */;
			productType = "com.apple.product-type.application";
		};
		3DEBA29D24BF75B2009FA785 /* ActivityCountdown (macOS) */ = {
			isa = PBXNativeTarget;
			buildConfigurationList = 3DEBA2C324BF75B2009FA785 /* Build configuration list for PBXNativeTarget "ActivityCountdown (macOS)" */;
			buildPhases = (
				3DEBA29A24BF75B2009FA785 /* Sources */,
				3DEBA29B24BF75B2009FA785 /* Frameworks */,
				3DEBA29C24BF75B2009FA785 /* Resources */,
			);
			buildRules = (
			);
			dependencies = (
			);
			name = "ActivityCountdown (macOS)";
			productName = "ActivityCountdown (macOS)";
			productReference = 3DEBA29E24BF75B2009FA785 /* ActivityCountdown.app */;
			productType = "com.apple.product-type.application";
		};
		3DEBA2A524BF75B2009FA785 /* Tests iOS */ = {
			isa = PBXNativeTarget;
			buildConfigurationList = 3DEBA2C624BF75B2009FA785 /* Build configuration list for PBXNativeTarget "Tests iOS" */;
			buildPhases = (
				3DEBA2A224BF75B2009FA785 /* Sources */,
				3DEBA2A324BF75B2009FA785 /* Frameworks */,
				3DEBA2A424BF75B2009FA785 /* Resources */,
			);
			buildRules = (
			);
			dependencies = (
				3DEBA2A824BF75B2009FA785 /* PBXTargetDependency */,
			);
			name = "Tests iOS";
			productName = "Tests iOS";
			productReference = 3DEBA2A624BF75B2009FA785 /* Tests iOS.xctest */;
			productType = "com.apple.product-type.bundle.ui-testing";
		};
		3DEBA2B024BF75B2009FA785 /* Tests macOS */ = {
			isa = PBXNativeTarget;
			buildConfigurationList = 3DEBA2C924BF75B2009FA785 /* Build configuration list for PBXNativeTarget "Tests macOS" */;
			buildPhases = (
				3DEBA2AD24BF75B2009FA785 /* Sources */,
				3DEBA2AE24BF75B2009FA785 /* Frameworks */,
				3DEBA2AF24BF75B2009FA785 /* Resources */,
			);
			buildRules = (
			);
			dependencies = (
				3DEBA2B324BF75B2009FA785 /* PBXTargetDependency */,
			);
			name = "Tests macOS";
			productName = "Tests macOS";
			productReference = 3DEBA2B124BF75B2009FA785 /* Tests macOS.xctest */;
			productType = "com.apple.product-type.bundle.ui-testing";
		};
/* End PBXNativeTarget section */

/* Begin PBXProject section */
		3DEBA28A24BF75B1009FA785 /* Project object */ = {
			isa = PBXProject;
			attributes = {
				LastSwiftUpdateCheck = 1200;
				LastUpgradeCheck = 1200;
				TargetAttributes = {
					3DEBA29524BF75B2009FA785 = {
						CreatedOnToolsVersion = 12.0;
					};
					3DEBA29D24BF75B2009FA785 = {
						CreatedOnToolsVersion = 12.0;
					};
					3DEBA2A524BF75B2009FA785 = {
						CreatedOnToolsVersion = 12.0;
						TestTargetID = 3DEBA29524BF75B2009FA785;
					};
					3DEBA2B024BF75B2009FA785 = {
						CreatedOnToolsVersion = 12.0;
						TestTargetID = 3DEBA29D24BF75B2009FA785;
					};
				};
			};
			buildConfigurationList = 3DEBA28D24BF75B1009FA785 /* Build configuration list for PBXProject "ActivityCountdown" */;
			compatibilityVersion = "Xcode 9.3";
			developmentRegion = en;
			hasScannedForEncodings = 0;
			knownRegions = (
				en,
				Base,
			);
			mainGroup = 3DEBA28924BF75B1009FA785;
			productRefGroup = 3DEBA29724BF75B2009FA785 /* Products */;
			projectDirPath = "";
			projectRoot = "";
			targets = (
				3DEBA29524BF75B2009FA785 /* ActivityCountdown (iOS) */,
				3DEBA29D24BF75B2009FA785 /* ActivityCountdown (macOS) */,
				3DEBA2A524BF75B2009FA785 /* Tests iOS */,
				3DEBA2B024BF75B2009FA785 /* Tests macOS */,
			);
		};
/* End PBXProject section */

/* Begin PBXResourcesBuildPhase section */
		3DEBA29424BF75B2009FA785 /* Resources */ = {
			isa = PBXResourcesBuildPhase;
			buildActionMask = 2147483647;
			files = (
				3DEBA2BC24BF75B2009FA785 /* Assets.xcassets in Resources */,
			);
			runOnlyForDeploymentPostprocessing = 0;
		};
		3DEBA29C24BF75B2009FA785 /* Resources */ = {
			isa = PBXResourcesBuildPhase;
			buildActionMask = 2147483647;
			files = (
				3DEBA2BD24BF75B2009FA785 /* Assets.xcassets in Resources */,
			);
			runOnlyForDeploymentPostprocessing = 0;
		};
		3DEBA2A424BF75B2009FA785 /* Resources */ = {
			isa = PBXResourcesBuildPhase;
			buildActionMask = 2147483647;
			files = (
			);
			runOnlyForDeploymentPostprocessing = 0;
		};
		3DEBA2AF24BF75B2009FA785 /* Resources */ = {
			isa = PBXResourcesBuildPhase;
			buildActionMask = 2147483647;
			files = (
			);
			runOnlyForDeploymentPostprocessing = 0;
		};
/* End PBXResourcesBuildPhase section */

/* Begin PBXSourcesBuildPhase section */
		3DEBA29224BF75B2009FA785 /* Sources */ = {
			isa = PBXSourcesBuildPhase;
			buildActionMask = 2147483647;
			files = (
				3DA1E25724CC90E5001CD91A /* BarView.swift in Sources */,
				3DF2B73424C6076100943AFF /* Constants.swift in Sources */,
				3DEBA2BA24BF75B2009FA785 /* ContentView.swift in Sources */,
				3DF2B73124C6074A00943AFF /* Color+Ext.swift in Sources */,
				3DEBA2CD24BF7B2E009FA785 /* HealthStoreManager.swift in Sources */,
				3DEBA2B824BF75B2009FA785 /* ActivityCountdownApp.swift in Sources */,
				3D84412B24C8A3E800816A0C /* ActivityProgressView.swift in Sources */,
			);
			runOnlyForDeploymentPostprocessing = 0;
		};
		3DEBA29A24BF75B2009FA785 /* Sources */ = {
			isa = PBXSourcesBuildPhase;
			buildActionMask = 2147483647;
			files = (
				3DA1E25824CC90E5001CD91A /* BarView.swift in Sources */,
				3DF2B73524C6076100943AFF /* Constants.swift in Sources */,
				3DEBA2BB24BF75B2009FA785 /* ContentView.swift in Sources */,
				3DF2B73224C6074A00943AFF /* Color+Ext.swift in Sources */,
				3DEBA2CE24BF7B2E009FA785 /* HealthStoreManager.swift in Sources */,
				3DEBA2B924BF75B2009FA785 /* ActivityCountdownApp.swift in Sources */,
				3D84412C24C8A3E800816A0C /* ActivityProgressView.swift in Sources */,
			);
			runOnlyForDeploymentPostprocessing = 0;
		};
		3DEBA2A224BF75B2009FA785 /* Sources */ = {
			isa = PBXSourcesBuildPhase;
			buildActionMask = 2147483647;
			files = (
				3DEBA2AB24BF75B2009FA785 /* Tests_iOS.swift in Sources */,
			);
			runOnlyForDeploymentPostprocessing = 0;
		};
		3DEBA2AD24BF75B2009FA785 /* Sources */ = {
			isa = PBXSourcesBuildPhase;
			buildActionMask = 2147483647;
			files = (
				3DEBA2B624BF75B2009FA785 /* Tests_macOS.swift in Sources */,
			);
			runOnlyForDeploymentPostprocessing = 0;
		};
/* End PBXSourcesBuildPhase section */

/* Begin PBXTargetDependency section */
		3DEBA2A824BF75B2009FA785 /* PBXTargetDependency */ = {
			isa = PBXTargetDependency;
			target = 3DEBA29524BF75B2009FA785 /* ActivityCountdown (iOS) */;
			targetProxy = 3DEBA2A724BF75B2009FA785 /* PBXContainerItemProxy */;
		};
		3DEBA2B324BF75B2009FA785 /* PBXTargetDependency */ = {
			isa = PBXTargetDependency;
			target = 3DEBA29D24BF75B2009FA785 /* ActivityCountdown (macOS) */;
			targetProxy = 3DEBA2B224BF75B2009FA785 /* PBXContainerItemProxy */;
		};
/* End PBXTargetDependency section */

/* Begin XCBuildConfiguration section */
		3DEBA2BE24BF75B2009FA785 /* Debug */ = {
			isa = XCBuildConfiguration;
			buildSettings = {
				ALWAYS_SEARCH_USER_PATHS = NO;
				CLANG_ANALYZER_NONNULL = YES;
				CLANG_ANALYZER_NUMBER_OBJECT_CONVERSION = YES_AGGRESSIVE;
				CLANG_CXX_LANGUAGE_STANDARD = "gnu++14";
				CLANG_CXX_LIBRARY = "libc++";
				CLANG_ENABLE_MODULES = YES;
				CLANG_ENABLE_OBJC_ARC = YES;
				CLANG_ENABLE_OBJC_WEAK = YES;
				CLANG_WARN_BLOCK_CAPTURE_AUTORELEASING = YES;
				CLANG_WARN_BOOL_CONVERSION = YES;
				CLANG_WARN_COMMA = YES;
				CLANG_WARN_CONSTANT_CONVERSION = YES;
				CLANG_WARN_DEPRECATED_OBJC_IMPLEMENTATIONS = YES;
				CLANG_WARN_DIRECT_OBJC_ISA_USAGE = YES_ERROR;
				CLANG_WARN_DOCUMENTATION_COMMENTS = YES;
				CLANG_WARN_EMPTY_BODY = YES;
				CLANG_WARN_ENUM_CONVERSION = YES;
				CLANG_WARN_INFINITE_RECURSION = YES;
				CLANG_WARN_INT_CONVERSION = YES;
				CLANG_WARN_NON_LITERAL_NULL_CONVERSION = YES;
				CLANG_WARN_OBJC_IMPLICIT_RETAIN_SELF = YES;
				CLANG_WARN_OBJC_LITERAL_CONVERSION = YES;
				CLANG_WARN_OBJC_ROOT_CLASS = YES_ERROR;
				CLANG_WARN_QUOTED_INCLUDE_IN_FRAMEWORK_HEADER = YES;
				CLANG_WARN_RANGE_LOOP_ANALYSIS = YES;
				CLANG_WARN_STRICT_PROTOTYPES = YES;
				CLANG_WARN_SUSPICIOUS_MOVE = YES;
				CLANG_WARN_UNGUARDED_AVAILABILITY = YES_AGGRESSIVE;
				CLANG_WARN_UNREACHABLE_CODE = YES;
				CLANG_WARN__DUPLICATE_METHOD_MATCH = YES;
				COPY_PHASE_STRIP = NO;
				DEBUG_INFORMATION_FORMAT = dwarf;
				ENABLE_STRICT_OBJC_MSGSEND = YES;
				ENABLE_TESTABILITY = YES;
				GCC_C_LANGUAGE_STANDARD = gnu11;
				GCC_DYNAMIC_NO_PIC = NO;
				GCC_NO_COMMON_BLOCKS = YES;
				GCC_OPTIMIZATION_LEVEL = 0;
				GCC_PREPROCESSOR_DEFINITIONS = (
					"DEBUG=1",
					"$(inherited)",
				);
				GCC_WARN_64_TO_32_BIT_CONVERSION = YES;
				GCC_WARN_ABOUT_RETURN_TYPE = YES_ERROR;
				GCC_WARN_UNDECLARED_SELECTOR = YES;
				GCC_WARN_UNINITIALIZED_AUTOS = YES_AGGRESSIVE;
				GCC_WARN_UNUSED_FUNCTION = YES;
				GCC_WARN_UNUSED_VARIABLE = YES;
				MTL_ENABLE_DEBUG_INFO = INCLUDE_SOURCE;
				MTL_FAST_MATH = YES;
				ONLY_ACTIVE_ARCH = YES;
				SWIFT_ACTIVE_COMPILATION_CONDITIONS = DEBUG;
				SWIFT_OPTIMIZATION_LEVEL = "-Onone";
			};
			name = Debug;
		};
		3DEBA2BF24BF75B2009FA785 /* Release */ = {
			isa = XCBuildConfiguration;
			buildSettings = {
				ALWAYS_SEARCH_USER_PATHS = NO;
				CLANG_ANALYZER_NONNULL = YES;
				CLANG_ANALYZER_NUMBER_OBJECT_CONVERSION = YES_AGGRESSIVE;
				CLANG_CXX_LANGUAGE_STANDARD = "gnu++14";
				CLANG_CXX_LIBRARY = "libc++";
				CLANG_ENABLE_MODULES = YES;
				CLANG_ENABLE_OBJC_ARC = YES;
				CLANG_ENABLE_OBJC_WEAK = YES;
				CLANG_WARN_BLOCK_CAPTURE_AUTORELEASING = YES;
				CLANG_WARN_BOOL_CONVERSION = YES;
				CLANG_WARN_COMMA = YES;
				CLANG_WARN_CONSTANT_CONVERSION = YES;
				CLANG_WARN_DEPRECATED_OBJC_IMPLEMENTATIONS = YES;
				CLANG_WARN_DIRECT_OBJC_ISA_USAGE = YES_ERROR;
				CLANG_WARN_DOCUMENTATION_COMMENTS = YES;
				CLANG_WARN_EMPTY_BODY = YES;
				CLANG_WARN_ENUM_CONVERSION = YES;
				CLANG_WARN_INFINITE_RECURSION = YES;
				CLANG_WARN_INT_CONVERSION = YES;
				CLANG_WARN_NON_LITERAL_NULL_CONVERSION = YES;
				CLANG_WARN_OBJC_IMPLICIT_RETAIN_SELF = YES;
				CLANG_WARN_OBJC_LITERAL_CONVERSION = YES;
				CLANG_WARN_OBJC_ROOT_CLASS = YES_ERROR;
				CLANG_WARN_QUOTED_INCLUDE_IN_FRAMEWORK_HEADER = YES;
				CLANG_WARN_RANGE_LOOP_ANALYSIS = YES;
				CLANG_WARN_STRICT_PROTOTYPES = YES;
				CLANG_WARN_SUSPICIOUS_MOVE = YES;
				CLANG_WARN_UNGUARDED_AVAILABILITY = YES_AGGRESSIVE;
				CLANG_WARN_UNREACHABLE_CODE = YES;
				CLANG_WARN__DUPLICATE_METHOD_MATCH = YES;
				COPY_PHASE_STRIP = NO;
				DEBUG_INFORMATION_FORMAT = "dwarf-with-dsym";
				ENABLE_NS_ASSERTIONS = NO;
				ENABLE_STRICT_OBJC_MSGSEND = YES;
				GCC_C_LANGUAGE_STANDARD = gnu11;
				GCC_NO_COMMON_BLOCKS = YES;
				GCC_WARN_64_TO_32_BIT_CONVERSION = YES;
				GCC_WARN_ABOUT_RETURN_TYPE = YES_ERROR;
				GCC_WARN_UNDECLARED_SELECTOR = YES;
				GCC_WARN_UNINITIALIZED_AUTOS = YES_AGGRESSIVE;
				GCC_WARN_UNUSED_FUNCTION = YES;
				GCC_WARN_UNUSED_VARIABLE = YES;
				MTL_ENABLE_DEBUG_INFO = NO;
				MTL_FAST_MATH = YES;
				SWIFT_COMPILATION_MODE = wholemodule;
				SWIFT_OPTIMIZATION_LEVEL = "-O";
			};
			name = Release;
		};
		3DEBA2C124BF75B2009FA785 /* Debug */ = {
			isa = XCBuildConfiguration;
			buildSettings = {
				ASSETCATALOG_COMPILER_APPICON_NAME = AppIcon;
				ASSETCATALOG_COMPILER_GLOBAL_ACCENT_COLOR_NAME = AccentColor;
				CODE_SIGN_ENTITLEMENTS = ActivityCountdown.entitlements;
				CODE_SIGN_STYLE = Automatic;
				DEVELOPMENT_TEAM = 9RHBZ7GZXD;
				ENABLE_PREVIEWS = YES;
				INFOPLIST_FILE = iOS/Info.plist;
				IPHONEOS_DEPLOYMENT_TARGET = 14.0;
				LD_RUNPATH_SEARCH_PATHS = (
					"$(inherited)",
					"@executable_path/Frameworks",
				);
				PRODUCT_BUNDLE_IDENTIFIER = com.aidanpendlebury.ActivityCountdown;
				PRODUCT_NAME = ActivityCountdown;
				SDKROOT = iphoneos;
				SWIFT_VERSION = 5.0;
				TARGETED_DEVICE_FAMILY = "1,2";
			};
			name = Debug;
		};
		3DEBA2C224BF75B2009FA785 /* Release */ = {
			isa = XCBuildConfiguration;
			buildSettings = {
				ASSETCATALOG_COMPILER_APPICON_NAME = AppIcon;
				ASSETCATALOG_COMPILER_GLOBAL_ACCENT_COLOR_NAME = AccentColor;
				CODE_SIGN_ENTITLEMENTS = ActivityCountdown.entitlements;
				CODE_SIGN_STYLE = Automatic;
				DEVELOPMENT_TEAM = 9RHBZ7GZXD;
				ENABLE_PREVIEWS = YES;
				INFOPLIST_FILE = iOS/Info.plist;
				IPHONEOS_DEPLOYMENT_TARGET = 14.0;
				LD_RUNPATH_SEARCH_PATHS = (
					"$(inherited)",
					"@executable_path/Frameworks",
				);
				PRODUCT_BUNDLE_IDENTIFIER = com.aidanpendlebury.ActivityCountdown;
				PRODUCT_NAME = ActivityCountdown;
				SDKROOT = iphoneos;
				SWIFT_VERSION = 5.0;
				TARGETED_DEVICE_FAMILY = "1,2";
				VALIDATE_PRODUCT = YES;
			};
			name = Release;
		};
		3DEBA2C424BF75B2009FA785 /* Debug */ = {
			isa = XCBuildConfiguration;
			buildSettings = {
				ASSETCATALOG_COMPILER_APPICON_NAME = AppIcon;
				ASSETCATALOG_COMPILER_GLOBAL_ACCENT_COLOR_NAME = AccentColor;
				CODE_SIGN_ENTITLEMENTS = macOS/macOS.entitlements;
				CODE_SIGN_STYLE = Automatic;
				COMBINE_HIDPI_IMAGES = YES;
				DEVELOPMENT_TEAM = 9RHBZ7GZXD;
				ENABLE_HARDENED_RUNTIME = YES;
				ENABLE_PREVIEWS = YES;
				INFOPLIST_FILE = macOS/Info.plist;
				LD_RUNPATH_SEARCH_PATHS = (
					"$(inherited)",
					"@executable_path/../Frameworks",
				);
				MACOSX_DEPLOYMENT_TARGET = 10.16;
				PRODUCT_BUNDLE_IDENTIFIER = com.aidanpendlebury.ActivityCountdown;
				PRODUCT_NAME = ActivityCountdown;
				SDKROOT = macosx;
				SWIFT_VERSION = 5.0;
			};
			name = Debug;
		};
		3DEBA2C524BF75B2009FA785 /* Release */ = {
			isa = XCBuildConfiguration;
			buildSettings = {
				ASSETCATALOG_COMPILER_APPICON_NAME = AppIcon;
				ASSETCATALOG_COMPILER_GLOBAL_ACCENT_COLOR_NAME = AccentColor;
				CODE_SIGN_ENTITLEMENTS = macOS/macOS.entitlements;
				CODE_SIGN_STYLE = Automatic;
				COMBINE_HIDPI_IMAGES = YES;
				DEVELOPMENT_TEAM = 9RHBZ7GZXD;
				ENABLE_HARDENED_RUNTIME = YES;
				ENABLE_PREVIEWS = YES;
				INFOPLIST_FILE = macOS/Info.plist;
				LD_RUNPATH_SEARCH_PATHS = (
					"$(inherited)",
					"@executable_path/../Frameworks",
				);
				MACOSX_DEPLOYMENT_TARGET = 10.16;
				PRODUCT_BUNDLE_IDENTIFIER = com.aidanpendlebury.ActivityCountdown;
				PRODUCT_NAME = ActivityCountdown;
				SDKROOT = macosx;
				SWIFT_VERSION = 5.0;
			};
			name = Release;
		};
		3DEBA2C724BF75B2009FA785 /* Debug */ = {
			isa = XCBuildConfiguration;
			buildSettings = {
				ALWAYS_EMBED_SWIFT_STANDARD_LIBRARIES = YES;
				CODE_SIGN_STYLE = Automatic;
				DEVELOPMENT_TEAM = 9RHBZ7GZXD;
				INFOPLIST_FILE = "Tests iOS/Info.plist";
				IPHONEOS_DEPLOYMENT_TARGET = 14.0;
				LD_RUNPATH_SEARCH_PATHS = (
					"$(inherited)",
					"@executable_path/Frameworks",
					"@loader_path/Frameworks",
				);
				PRODUCT_BUNDLE_IDENTIFIER = "com.aidanpendlebury.Tests-iOS";
				PRODUCT_NAME = "$(TARGET_NAME)";
				SDKROOT = iphoneos;
				SWIFT_VERSION = 5.0;
				TARGETED_DEVICE_FAMILY = "1,2";
				TEST_TARGET_NAME = "ActivityCountdown (iOS)";
			};
			name = Debug;
		};
		3DEBA2C824BF75B2009FA785 /* Release */ = {
			isa = XCBuildConfiguration;
			buildSettings = {
				ALWAYS_EMBED_SWIFT_STANDARD_LIBRARIES = YES;
				CODE_SIGN_STYLE = Automatic;
				DEVELOPMENT_TEAM = 9RHBZ7GZXD;
				INFOPLIST_FILE = "Tests iOS/Info.plist";
				IPHONEOS_DEPLOYMENT_TARGET = 14.0;
				LD_RUNPATH_SEARCH_PATHS = (
					"$(inherited)",
					"@executable_path/Frameworks",
					"@loader_path/Frameworks",
				);
				PRODUCT_BUNDLE_IDENTIFIER = "com.aidanpendlebury.Tests-iOS";
				PRODUCT_NAME = "$(TARGET_NAME)";
				SDKROOT = iphoneos;
				SWIFT_VERSION = 5.0;
				TARGETED_DEVICE_FAMILY = "1,2";
				TEST_TARGET_NAME = "ActivityCountdown (iOS)";
				VALIDATE_PRODUCT = YES;
			};
			name = Release;
		};
		3DEBA2CA24BF75B2009FA785 /* Debug */ = {
			isa = XCBuildConfiguration;
			buildSettings = {
				ALWAYS_EMBED_SWIFT_STANDARD_LIBRARIES = YES;
				CODE_SIGN_STYLE = Automatic;
				COMBINE_HIDPI_IMAGES = YES;
				DEVELOPMENT_TEAM = 9RHBZ7GZXD;
				INFOPLIST_FILE = "Tests macOS/Info.plist";
				LD_RUNPATH_SEARCH_PATHS = (
					"$(inherited)",
					"@executable_path/../Frameworks",
					"@loader_path/../Frameworks",
				);
				MACOSX_DEPLOYMENT_TARGET = 10.16;
				PRODUCT_BUNDLE_IDENTIFIER = "com.aidanpendlebury.Tests-macOS";
				PRODUCT_NAME = "$(TARGET_NAME)";
				SDKROOT = macosx;
				SWIFT_VERSION = 5.0;
				TEST_TARGET_NAME = "ActivityCountdown (macOS)";
			};
			name = Debug;
		};
		3DEBA2CB24BF75B2009FA785 /* Release */ = {
			isa = XCBuildConfiguration;
			buildSettings = {
				ALWAYS_EMBED_SWIFT_STANDARD_LIBRARIES = YES;
				CODE_SIGN_STYLE = Automatic;
				COMBINE_HIDPI_IMAGES = YES;
				DEVELOPMENT_TEAM = 9RHBZ7GZXD;
				INFOPLIST_FILE = "Tests macOS/Info.plist";
				LD_RUNPATH_SEARCH_PATHS = (
					"$(inherited)",
					"@executable_path/../Frameworks",
					"@loader_path/../Frameworks",
				);
				MACOSX_DEPLOYMENT_TARGET = 10.16;
				PRODUCT_BUNDLE_IDENTIFIER = "com.aidanpendlebury.Tests-macOS";
				PRODUCT_NAME = "$(TARGET_NAME)";
				SDKROOT = macosx;
				SWIFT_VERSION = 5.0;
				TEST_TARGET_NAME = "ActivityCountdown (macOS)";
			};
			name = Release;
		};
/* End XCBuildConfiguration section */

/* Begin XCConfigurationList section */
		3DEBA28D24BF75B1009FA785 /* Build configuration list for PBXProject "ActivityCountdown" */ = {
			isa = XCConfigurationList;
			buildConfigurations = (
				3DEBA2BE24BF75B2009FA785 /* Debug */,
				3DEBA2BF24BF75B2009FA785 /* Release */,
			);
			defaultConfigurationIsVisible = 0;
			defaultConfigurationName = Release;
		};
		3DEBA2C024BF75B2009FA785 /* Build configuration list for PBXNativeTarget "ActivityCountdown (iOS)" */ = {
			isa = XCConfigurationList;
			buildConfigurations = (
				3DEBA2C124BF75B2009FA785 /* Debug */,
				3DEBA2C224BF75B2009FA785 /* Release */,
			);
			defaultConfigurationIsVisible = 0;
			defaultConfigurationName = Release;
		};
		3DEBA2C324BF75B2009FA785 /* Build configuration list for PBXNativeTarget "ActivityCountdown (macOS)" */ = {
			isa = XCConfigurationList;
			buildConfigurations = (
				3DEBA2C424BF75B2009FA785 /* Debug */,
				3DEBA2C524BF75B2009FA785 /* Release */,
			);
			defaultConfigurationIsVisible = 0;
			defaultConfigurationName = Release;
		};
		3DEBA2C624BF75B2009FA785 /* Build configuration list for PBXNativeTarget "Tests iOS" */ = {
			isa = XCConfigurationList;
			buildConfigurations = (
				3DEBA2C724BF75B2009FA785 /* Debug */,
				3DEBA2C824BF75B2009FA785 /* Release */,
			);
			defaultConfigurationIsVisible = 0;
			defaultConfigurationName = Release;
		};
		3DEBA2C924BF75B2009FA785 /* Build configuration list for PBXNativeTarget "Tests macOS" */ = {
			isa = XCConfigurationList;
			buildConfigurations = (
				3DEBA2CA24BF75B2009FA785 /* Debug */,
				3DEBA2CB24BF75B2009FA785 /* Release */,
			);
			defaultConfigurationIsVisible = 0;
			defaultConfigurationName = Release;
		};
/* End XCConfigurationList section */
	};
	rootObject = 3DEBA28A24BF75B1009FA785 /* Project object */;
}
